lockfileVersion: '9.0'

settings:
  autoInstallPeers: true
  excludeLinksFromLockfile: false

importers:

  .:
    dependencies:
      dotenv:
        specifier: ^17.2.2
        version: 17.2.2
      openai:
        specifier: ^5.20.0
        version: 5.20.0

packages:

  dotenv@17.2.2:
    resolution: {integrity: sha512-Sf2LSQP+bOlhKWWyhFsn0UsfdK/kCWRv1iuA2gXAwt3dyNabr6QSj00I2V10pidqz69soatm9ZwZvpQMTIOd5Q==}
    engines: {node: '>=12'}

  openai@5.20.0:
    resolution: {integrity: sha512-Bmc2zLM/YWgFrDpXr9hwXqGGDdMmMpE9+qoZPsaHpn0Y/Qk1Vu26hNqXo7+nHdli+sLsXINvS1f8kR3NKhGKmA==}
    hasBin: true
    peerDependencies:
      ws: ^8.18.0
      zod: ^3.23.8
    peerDependenciesMeta:
      ws:
        optional: true
      zod:
        optional: true

snapshots:

  dotenv@17.2.2: {}

  openai@5.20.0: {}
